
Microsoft Visual Studio Solution File, Format Version 12.00
# Visual Studio 14
VisualStudioVersion = 14.0.25420.1
MinimumVisualStudioVersion = 10.0.40219.1
Project("{FAE04EC0-301F-11D3-BF4B-00C04F79EFBC}") = "APITrainingUtilities", "APITrainingUtilities\APITrainingUtilities.csproj", "{3AD70861-345A-4584-8B0F-D9F5E1F80F9C}"
EndProject
Project("{FAE04EC0-301F-11D3-BF4B-00C04F79EFBC}") = "APITrainingUtilitiesTests", "APITrainingUtilitiesTests\APITrainingUtilitiesTests.csproj", "{14D3A891-D03C-4CDC-9B94-4611A5F5F1B3}"
EndProject
Project("{FAE04EC0-301F-11D3-BF4B-00C04F79EFBC}") = "APILibrary", "APILibrary\APILibrary.csproj", "{5A45499C-F68A-4941-B8F9-1608A871B880}"
EndProject
Project("{FAE04EC0-301F-11D3-BF4B-00C04F79EFBC}") = "TestConsoleApplication", "TestConsoleApplication\TestConsoleApplication.csproj", "{170ABB78-4FC0-4B2A-933D-2410C9B82D16}"
EndProject
Global
	GlobalSection(SolutionConfigurationPlatforms) = preSolution
		Debug|Any CPU = Debug|Any CPU
		Release|Any CPU = Release|Any CPU
	EndGlobalSection
	GlobalSection(ProjectConfigurationPlatforms) = postSolution
		{3AD70861-345A-4584-8B0F-D9F5E1F80F9C}.Debug|Any CPU.ActiveCfg = Debug|Any CPU
		{3AD70861-345A-4584-8B0F-D9F5E1F80F9C}.Debug|Any CPU.Build.0 = Debug|Any CPU
		{3AD70861-345A-4584-8B0F-D9F5E1F80F9C}.Release|Any CPU.ActiveCfg = Release|Any CPU
		{3AD70861-345A-4584-8B0F-D9F5E1F80F9C}.Release|Any CPU.Build.0 = Release|Any CPU
		{14D3A891-D03C-4CDC-9B94-4611A5F5F1B3}.Debug|Any CPU.ActiveCfg = Debug|Any CPU
		{14D3A891-D03C-4CDC-9B94-4611A5F5F1B3}.Debug|Any CPU.Build.0 = Debug|Any CPU
		{14D3A891-D03C-4CDC-9B94-4611A5F5F1B3}.Release|Any CPU.ActiveCfg = Release|Any CPU
		{14D3A891-D03C-4CDC-9B94-4611A5F5F1B3}.Release|Any CPU.Build.0 = Release|Any CPU
		{5A45499C-F68A-4941-B8F9-1608A871B880}.Debug|Any CPU.ActiveCfg = Debug|Any CPU
		{5A45499C-F68A-4941-B8F9-1608A871B880}.Debug|Any CPU.Build.0 = Debug|Any CPU
		{5A45499C-F68A-4941-B8F9-1608A871B880}.Release|Any CPU.ActiveCfg = Release|Any CPU
		{5A45499C-F68A-4941-B8F9-1608A871B880}.Release|Any CPU.Build.0 = Release|Any CPU
		{170ABB78-4FC0-4B2A-933D-2410C9B82D16}.Debug|Any CPU.ActiveCfg = Debug|Any CPU
		{170ABB78-4FC0-4B2A-933D-2410C9B82D16}.Debug|Any CPU.Build.0 = Debug|Any CPU
		{170ABB78-4FC0-4B2A-933D-2410C9B82D16}.Release|Any CPU.ActiveCfg = Release|Any CPU
		{170ABB78-4FC0-4B2A-933D-2410C9B82D16}.Release|Any CPU.Build.0 = Release|Any CPU
	EndGlobalSection
	GlobalSection(SolutionProperties) = preSolution
		HideSolutionNode = FALSE
	EndGlobalSection
EndGlobal
